{
  "name": "python",
  "lockfileVersion": 3,
  "requires": true,
  "packages": {
    "": {
      "dependencies": {
        "twitter-api-v2": "^1.23.0"
      }
    },
    "node_modules/twitter-api-v2": {
      "version": "1.23.0",
      "resolved": "https://registry.npmjs.org/twitter-api-v2/-/twitter-api-v2-1.23.0.tgz",
      "integrity": "sha512-5i1agETVpTuY68Zuk9i2B3N9wHzc4JIWw0WKyG4CEaFv9mRKmU87roa+U1oYYXTChWb0HMcqfkwoBJHYmLbeDA==",
      "license": "Apache-2.0"
    }
  }
}
